
Microsoft Visual Studio Solution File, Format Version 12.00
# Visual Studio Version 17
VisualStudioVersion = 17.11.35327.3
MinimumVisualStudioVersion = 10.0.40219.1
Project("{9A19103F-16F7-4668-BE54-9A1E7A4F7556}") = "mudblazor2", "mudblazor2.csproj", "{57CA7D0B-DBF1-4C6E-A952-8CB04E51B439}"
	ProjectSection(ProjectDependencies) = postProject
		{8ECC00CF-03FE-4291-B419-DE361F39872F} = {8ECC00CF-03FE-4291-B419-DE361F39872F}
		{A4B096B3-8DA1-47E8-AF65-1906A04FE940} = {A4B096B3-8DA1-47E8-AF65-1906A04FE940}
	EndProjectSection
EndProject
Project("{9A19103F-16F7-4668-BE54-9A1E7A4F7556}") = "AccountrixServiceProvider", "..\..\Accountrix-Service-Provider-main\Accountrix-Service-Provider-main\AccountrixServiceProvider.csproj", "{7B101897-D0CA-4A7D-BDF1-6523AA474B67}"
EndProject
Project("{9A19103F-16F7-4668-BE54-9A1E7A4F7556}") = "DatabaseLogic", "..\..\DatabaseLibrary-main (1)\DatabaseLibrary-main\DatabaseLogic\DatabaseLogic.csproj", "{A4B096B3-8DA1-47E8-AF65-1906A04FE940}"
EndProject
Project("{9A19103F-16F7-4668-BE54-9A1E7A4F7556}") = "Homework2Library", "..\..\TransLib-17-11-2024-main\TransLib-17-11-2024-main\Homework2Library.csproj", "{8ECC00CF-03FE-4291-B419-DE361F39872F}"
EndProject
Global
	GlobalSection(SolutionConfigurationPlatforms) = preSolution
		Debug|Any CPU = Debug|Any CPU
		Release|Any CPU = Release|Any CPU
	EndGlobalSection
	GlobalSection(ProjectConfigurationPlatforms) = postSolution
		{57CA7D0B-DBF1-4C6E-A952-8CB04E51B439}.Debug|Any CPU.ActiveCfg = Debug|Any CPU
		{57CA7D0B-DBF1-4C6E-A952-8CB04E51B439}.Debug|Any CPU.Build.0 = Debug|Any CPU
		{57CA7D0B-DBF1-4C6E-A952-8CB04E51B439}.Release|Any CPU.ActiveCfg = Release|Any CPU
		{57CA7D0B-DBF1-4C6E-A952-8CB04E51B439}.Release|Any CPU.Build.0 = Release|Any CPU
		{7B101897-D0CA-4A7D-BDF1-6523AA474B67}.Debug|Any CPU.ActiveCfg = Debug|Any CPU
		{7B101897-D0CA-4A7D-BDF1-6523AA474B67}.Debug|Any CPU.Build.0 = Debug|Any CPU
		{7B101897-D0CA-4A7D-BDF1-6523AA474B67}.Release|Any CPU.ActiveCfg = Release|Any CPU
		{7B101897-D0CA-4A7D-BDF1-6523AA474B67}.Release|Any CPU.Build.0 = Release|Any CPU
		{A4B096B3-8DA1-47E8-AF65-1906A04FE940}.Debug|Any CPU.ActiveCfg = Debug|Any CPU
		{A4B096B3-8DA1-47E8-AF65-1906A04FE940}.Debug|Any CPU.Build.0 = Debug|Any CPU
		{A4B096B3-8DA1-47E8-AF65-1906A04FE940}.Release|Any CPU.ActiveCfg = Release|Any CPU
		{A4B096B3-8DA1-47E8-AF65-1906A04FE940}.Release|Any CPU.Build.0 = Release|Any CPU
		{8ECC00CF-03FE-4291-B419-DE361F39872F}.Debug|Any CPU.ActiveCfg = Debug|Any CPU
		{8ECC00CF-03FE-4291-B419-DE361F39872F}.Debug|Any CPU.Build.0 = Debug|Any CPU
		{8ECC00CF-03FE-4291-B419-DE361F39872F}.Release|Any CPU.ActiveCfg = Release|Any CPU
		{8ECC00CF-03FE-4291-B419-DE361F39872F}.Release|Any CPU.Build.0 = Release|Any CPU
	EndGlobalSection
	GlobalSection(SolutionProperties) = preSolution
		HideSolutionNode = FALSE
	EndGlobalSection
	GlobalSection(ExtensibilityGlobals) = postSolution
		SolutionGuid = {35363624-D42B-4F24-8E22-0790C7AD7B5B}
	EndGlobalSection
EndGlobal
